{
    "_readme": [
        "This file locks the dependencies of your project to a known state",
        "Read more about it at https://getcomposer.org/doc/01-basic-usage.md#installing-dependencies",
        "This file is @generated automatically"
    ],
    "content-hash": "2eb8bed46fae006afb9406debe4ac4da",
    "packages": [
        {
            "name": "composer/xdebug-handler",
            "version": "1.4.6",
            "source": {
                "type": "git",
                "url": "https://github.com/composer/xdebug-handler.git",
                "reference": "f27e06cd9675801df441b3656569b328e04aa37c"
            },
            "dist": {
                "type": "zip",
                "url": "https://api.github.com/repos/composer/xdebug-handler/zipball/f27e06cd9675801df441b3656569b328e04aa37c",
                "reference": "f27e06cd9675801df441b3656569b328e04aa37c",
                "shasum": ""
            },
            "require": {
                "php": "^5.3.2 || ^7.0 || ^8.0",
                "psr/log": "^1.0"
            },
            "require-dev": {
                "phpstan/phpstan": "^0.12.55",
                "symfony/phpunit-bridge": "^4.2 || ^5"
            },
            "type": "library",
            "autoload": {
                "psr-4": {
                    "Composer\\XdebugHandler\\": "src"
                }
            },
            "notification-url": "https://packagist.org/downloads/",
            "license": [
                "MIT"
            ],
            "authors": [
                {
                    "name": "John Stevenson",
                    "email": "john-stevenson@blueyonder.co.uk"
                }
            ],
            "description": "Restarts a process without Xdebug.",
            "keywords": [
                "Xdebug",
                "performance"
            ],
            "support": {
                "irc": "irc://irc.freenode.org/composer",
                "issues": "https://github.com/composer/xdebug-handler/issues",
                "source": "https://github.com/composer/xdebug-handler/tree/1.4.6"
            },
            "funding": [
                {
                    "url": "https://packagist.com",
                    "type": "custom"
                },
                {
                    "url": "https://github.com/composer",
                    "type": "github"
                },
                {
                    "url": "https://tidelift.com/funding/github/packagist/composer/composer",
                    "type": "tidelift"
                }
            ],
            "time": "2021-03-25T17:01:18+00:00"
        },
        {
            "name": "laravel-zero/phar-updater",
            "version": "dev-main",
            "source": {
                "type": "git",
                "url": "https://github.com/laravel-zero/phar-updater.git",
                "reference": "82d48404b7d240b0b3d511f8b829403823d10646"
            },
            "dist": {
                "type": "zip",
                "url": "https://api.github.com/repos/laravel-zero/phar-updater/zipball/82d48404b7d240b0b3d511f8b829403823d10646",
                "reference": "82d48404b7d240b0b3d511f8b829403823d10646",
                "shasum": ""
            },
            "require": {
                "php": "^7.3|^8.0"
            },
            "conflict": {
                "padraic/phar-updater": "*"
            },
            "require-dev": {
                "ext-json": "*",
                "phpstan/phpstan": "^0.12.94",
                "phpunit/phpunit": "^9.4"
            },
            "default-branch": true,
            "type": "library",
            "autoload": {
                "psr-4": {
                    "Humbug\\SelfUpdate\\": "src/"
                }
            },
            "notification-url": "https://packagist.org/downloads/",
            "license": [
                "BSD-3-Clause"
            ],
            "authors": [
                {
                    "name": "Padraic Brady",
                    "email": "padraic.brady@gmail.com",
                    "homepage": "http://blog.astrumfutura.com"
                },
                {
                    "name": "Owen Voke",
                    "email": "development@voke.dev",
                    "homepage": "https://voke.dev"
                }
            ],
            "description": "A thing to make PHAR self-updating easy and secure.",
            "keywords": [
                "humbug",
                "phar",
                "self-update",
                "update"
            ],
            "support": {
                "issues": "https://github.com/laravel-zero/phar-updater/issues",
                "source": "https://github.com/laravel-zero/phar-updater/tree/main"
            },
            "time": "2021-08-03T08:34:44+00:00"
        },
        {
            "name": "psr/log",
            "version": "1.1.4",
            "source": {
                "type": "git",
                "url": "https://github.com/php-fig/log.git",
                "reference": "d49695b909c3b7628b6289db5479a1c204601f11"
            },
            "dist": {
                "type": "zip",
                "url": "https://api.github.com/repos/php-fig/log/zipball/d49695b909c3b7628b6289db5479a1c204601f11",
                "reference": "d49695b909c3b7628b6289db5479a1c204601f11",
                "shasum": ""
            },
            "require": {
                "php": ">=5.3.0"
            },
            "type": "library",
            "extra": {
                "branch-alias": {
                    "dev-master": "1.1.x-dev"
                }
            },
            "autoload": {
                "psr-4": {
                    "Psr\\Log\\": "Psr/Log/"
                }
            },
            "notification-url": "https://packagist.org/downloads/",
            "license": [
                "MIT"
            ],
            "authors": [
                {
                    "name": "PHP-FIG",
                    "homepage": "https://www.php-fig.org/"
                }
            ],
            "description": "Common interface for logging libraries",
            "homepage": "https://github.com/php-fig/log",
            "keywords": [
                "log",
                "psr",
                "psr-3"
            ],
            "support": {
                "source": "https://github.com/php-fig/log/tree/1.1.4"
            },
            "time": "2021-05-03T11:20:27+00:00"
        },
        {
            "name": "symfony/polyfill-ctype",
            "version": "v1.23.0",
            "source": {
                "type": "git",
                "url": "https://github.com/symfony/polyfill-ctype.git",
                "reference": "46cd95797e9df938fdd2b03693b5fca5e64b01ce"
            },
            "dist": {
                "type": "zip",
                "url": "https://api.github.com/repos/symfony/polyfill-ctype/zipball/46cd95797e9df938fdd2b03693b5fca5e64b01ce",
                "reference": "46cd95797e9df938fdd2b03693b5fca5e64b01ce",
                "shasum": ""
            },
            "require": {
                "php": ">=7.1"
            },
            "suggest": {
                "ext-ctype": "For best performance"
            },
            "type": "library",
            "extra": {
                "branch-alias": {
                    "dev-main": "1.23-dev"
                },
                "thanks": {
                    "name": "symfony/polyfill",
                    "url": "https://github.com/symfony/polyfill"
                }
            },
            "autoload": {
                "psr-4": {
                    "Symfony\\Polyfill\\Ctype\\": ""
                },
                "files": [
                    "bootstrap.php"
                ]
            },
            "notification-url": "https://packagist.org/downloads/",
            "license": [
                "MIT"
            ],
            "authors": [
                {
                    "name": "Gert de Pagter",
                    "email": "BackEndTea@gmail.com"
                },
                {
                    "name": "Symfony Community",
                    "homepage": "https://symfony.com/contributors"
                }
            ],
            "description": "Symfony polyfill for ctype functions",
            "homepage": "https://symfony.com",
            "keywords": [
                "compatibility",
                "ctype",
                "polyfill",
                "portable"
            ],
            "support": {
                "source": "https://github.com/symfony/polyfill-ctype/tree/v1.23.0"
            },
            "funding": [
                {
                    "url": "https://symfony.com/sponsor",
                    "type": "custom"
                },
                {
                    "url": "https://github.com/fabpot",
                    "type": "github"
                },
                {
                    "url": "https://tidelift.com/funding/github/packagist/symfony/symfony",
                    "type": "tidelift"
                }
            ],
            "time": "2021-02-19T12:13:01+00:00"
        },
        {
            "name": "webflo/drupal-finder",
            "version": "1.2.2",
            "source": {
                "type": "git",
                "url": "https://github.com/webflo/drupal-finder.git",
                "reference": "c8e5dbe65caef285fec8057a4c718a0d4138d1ee"
            },
            "dist": {
                "type": "zip",
                "url": "https://api.github.com/repos/webflo/drupal-finder/zipball/c8e5dbe65caef285fec8057a4c718a0d4138d1ee",
                "reference": "c8e5dbe65caef285fec8057a4c718a0d4138d1ee",
                "shasum": ""
            },
            "require": {
                "ext-json": "*"
            },
            "require-dev": {
                "mikey179/vfsstream": "^1.6",
                "phpunit/phpunit": "^4.8"
            },
            "type": "library",
            "autoload": {
                "classmap": [
                    "src/DrupalFinder.php"
                ]
            },
            "notification-url": "https://packagist.org/downloads/",
            "license": [
                "GPL-2.0-or-later"
            ],
            "authors": [
                {
                    "name": "Florian Weber",
                    "email": "florian@webflo.org"
                }
            ],
            "description": "Helper class to locate a Drupal installation from a given path.",
            "support": {
                "issues": "https://github.com/webflo/drupal-finder/issues",
                "source": "https://github.com/webflo/drupal-finder/tree/1.2.2"
            },
            "time": "2020-10-27T09:42:17+00:00"
        },
        {
            "name": "webmozart/assert",
            "version": "1.10.0",
            "source": {
                "type": "git",
                "url": "https://github.com/webmozarts/assert.git",
                "reference": "6964c76c7804814a842473e0c8fd15bab0f18e25"
            },
            "dist": {
                "type": "zip",
                "url": "https://api.github.com/repos/webmozarts/assert/zipball/6964c76c7804814a842473e0c8fd15bab0f18e25",
                "reference": "6964c76c7804814a842473e0c8fd15bab0f18e25",
                "shasum": ""
            },
            "require": {
                "php": "^7.2 || ^8.0",
                "symfony/polyfill-ctype": "^1.8"
            },
            "conflict": {
                "phpstan/phpstan": "<0.12.20",
                "vimeo/psalm": "<4.6.1 || 4.6.2"
            },
            "require-dev": {
                "phpunit/phpunit": "^8.5.13"
            },
            "type": "library",
            "extra": {
                "branch-alias": {
                    "dev-master": "1.10-dev"
                }
            },
            "autoload": {
                "psr-4": {
                    "Webmozart\\Assert\\": "src/"
                }
            },
            "notification-url": "https://packagist.org/downloads/",
            "license": [
                "MIT"
            ],
            "authors": [
                {
                    "name": "Bernhard Schussek",
                    "email": "bschussek@gmail.com"
                }
            ],
            "description": "Assertions to validate method input/output with nice error messages.",
            "keywords": [
                "assert",
                "check",
                "validate"
            ],
            "support": {
                "issues": "https://github.com/webmozarts/assert/issues",
                "source": "https://github.com/webmozarts/assert/tree/1.10.0"
            },
            "time": "2021-03-09T10:59:23+00:00"
        },
        {
            "name": "webmozart/path-util",
            "version": "2.3.0",
            "source": {
                "type": "git",
                "url": "https://github.com/webmozart/path-util.git",
                "reference": "d939f7edc24c9a1bb9c0dee5cb05d8e859490725"
            },
            "dist": {
                "type": "zip",
                "url": "https://api.github.com/repos/webmozart/path-util/zipball/d939f7edc24c9a1bb9c0dee5cb05d8e859490725",
                "reference": "d939f7edc24c9a1bb9c0dee5cb05d8e859490725",
                "shasum": ""
            },
            "require": {
                "php": ">=5.3.3",
                "webmozart/assert": "~1.0"
            },
            "require-dev": {
                "phpunit/phpunit": "^4.6",
                "sebastian/version": "^1.0.1"
            },
            "type": "library",
            "extra": {
                "branch-alias": {
                    "dev-master": "2.3-dev"
                }
            },
            "autoload": {
                "psr-4": {
                    "Webmozart\\PathUtil\\": "src/"
                }
            },
            "notification-url": "https://packagist.org/downloads/",
            "license": [
                "MIT"
            ],
            "authors": [
                {
                    "name": "Bernhard Schussek",
                    "email": "bschussek@gmail.com"
                }
            ],
            "description": "A robust cross-platform utility for normalizing, comparing and modifying file paths.",
            "support": {
                "issues": "https://github.com/webmozart/path-util/issues",
                "source": "https://github.com/webmozart/path-util/tree/2.3.0"
            },
            "abandoned": "symfony/filesystem",
            "time": "2015-12-17T08:42:14+00:00"
        }
    ],
    "packages-dev": [
        {
            "name": "acquia/coding-standards",
            "version": "v0.8.0",
            "source": {
                "type": "git",
                "url": "https://github.com/acquia/coding-standards-php.git",
                "reference": "614876e50250932d38ca1c75eeb5f3edd905b9db"
            },
            "dist": {
                "type": "zip",
                "url": "https://api.github.com/repos/acquia/coding-standards-php/zipball/614876e50250932d38ca1c75eeb5f3edd905b9db",
                "reference": "614876e50250932d38ca1c75eeb5f3edd905b9db",
                "shasum": ""
            },
            "require": {
                "drupal/coder": "^8.3.7",
                "phpcompatibility/php-compatibility": "^9.0",
                "slevomat/coding-standard": "^7.0",
                "squizlabs/php_codesniffer": "^3"
            },
            "suggest": {
                "brainmaestro/composer-git-hooks": "Easily manage Git hooks in your composer config.",
                "dealerdirect/phpcodesniffer-composer-installer": "Automatically install PHP_CodeSniffer coding standards (rulesets)."
            },
            "type": "phpcodesniffer-standard",
            "extra": {
                "branch-alias": {
                    "dev-develop": "0.x-dev"
                }
            },
            "autoload": {
                "psr-4": {
                    "Acquia\\CodingStandards\\": "src/"
                }
            },
            "notification-url": "https://packagist.org/downloads/",
            "license": [
                "GPL-2.0-only"
            ],
            "authors": [
                {
                    "name": "Acquia Engineering",
                    "homepage": "https://www.acquia.com",
                    "role": "Maintainer"
                }
            ],
            "description": "PHP_CodeSniffer rules (sniffs) for Acquia coding standards",
            "keywords": [
                "drupal",
                "phpcs",
                "standards"
            ],
            "support": {
                "issues": "https://github.com/acquia/coding-standards/issues",
                "source": "https://github.com/acquia/coding-standards"
            },
            "time": "2021-10-14T20:20:03+00:00"
        },
        {
            "name": "dealerdirect/phpcodesniffer-composer-installer",
            "version": "v0.7.1",
            "source": {
                "type": "git",
                "url": "https://github.com/Dealerdirect/phpcodesniffer-composer-installer.git",
                "reference": "fe390591e0241955f22eb9ba327d137e501c771c"
            },
            "dist": {
                "type": "zip",
                "url": "https://api.github.com/repos/Dealerdirect/phpcodesniffer-composer-installer/zipball/fe390591e0241955f22eb9ba327d137e501c771c",
                "reference": "fe390591e0241955f22eb9ba327d137e501c771c",
                "shasum": ""
            },
            "require": {
                "composer-plugin-api": "^1.0 || ^2.0",
                "php": ">=5.3",
                "squizlabs/php_codesniffer": "^2.0 || ^3.0 || ^4.0"
            },
            "require-dev": {
                "composer/composer": "*",
                "phpcompatibility/php-compatibility": "^9.0",
                "sensiolabs/security-checker": "^4.1.0"
            },
            "type": "composer-plugin",
            "extra": {
                "class": "Dealerdirect\\Composer\\Plugin\\Installers\\PHPCodeSniffer\\Plugin"
            },
            "autoload": {
                "psr-4": {
                    "Dealerdirect\\Composer\\Plugin\\Installers\\PHPCodeSniffer\\": "src/"
                }
            },
            "notification-url": "https://packagist.org/downloads/",
            "license": [
                "MIT"
            ],
            "authors": [
                {
                    "name": "Franck Nijhof",
                    "email": "franck.nijhof@dealerdirect.com",
                    "homepage": "http://www.frenck.nl",
                    "role": "Developer / IT Manager"
                }
            ],
            "description": "PHP_CodeSniffer Standards Composer Installer Plugin",
            "homepage": "http://www.dealerdirect.com",
            "keywords": [
                "PHPCodeSniffer",
                "PHP_CodeSniffer",
                "code quality",
                "codesniffer",
                "composer",
                "installer",
                "phpcs",
                "plugin",
                "qa",
                "quality",
                "standard",
                "standards",
                "style guide",
                "stylecheck",
                "tests"
            ],
            "support": {
                "issues": "https://github.com/dealerdirect/phpcodesniffer-composer-installer/issues",
                "source": "https://github.com/dealerdirect/phpcodesniffer-composer-installer"
            },
            "time": "2020-12-07T18:04:37+00:00"
        },
        {
            "name": "drupal/coder",
            "version": "8.3.13",
            "source": {
                "type": "git",
                "url": "https://git.drupalcode.org/project/coder.git",
                "reference": "d3286d571b19633cc296d438c36b9aed195de43c"
            },
            "require": {
                "ext-mbstring": "*",
                "php": ">=7.0.8",
                "sirbrillig/phpcs-variable-analysis": "^2.10",
                "squizlabs/php_codesniffer": "^3.5.6",
                "symfony/yaml": ">=2.0.5"
            },
            "require-dev": {
                "phpstan/phpstan": "^0.12.63",
                "phpunit/phpunit": "^6.0 || ^7.0"
            },
            "type": "phpcodesniffer-standard",
            "autoload": {
                "psr-4": {
                    "Drupal\\": "coder_sniffer/Drupal/",
                    "DrupalPractice\\": "coder_sniffer/DrupalPractice/"
                }
            },
            "notification-url": "https://packagist.org/downloads/",
            "license": [
                "GPL-2.0-or-later"
            ],
            "description": "Coder is a library to review Drupal code.",
            "homepage": "https://www.drupal.org/project/coder",
            "keywords": [
                "code review",
                "phpcs",
                "standards"
            ],
            "support": {
                "issues": "https://www.drupal.org/project/issues/coder",
                "source": "https://www.drupal.org/project/coder"
            },
            "time": "2021-02-06T10:44:32+00:00"
        },
        {
            "name": "phpcompatibility/php-compatibility",
            "version": "9.3.5",
            "source": {
                "type": "git",
                "url": "https://github.com/PHPCompatibility/PHPCompatibility.git",
                "reference": "9fb324479acf6f39452e0655d2429cc0d3914243"
            },
            "dist": {
                "type": "zip",
                "url": "https://api.github.com/repos/PHPCompatibility/PHPCompatibility/zipball/9fb324479acf6f39452e0655d2429cc0d3914243",
                "reference": "9fb324479acf6f39452e0655d2429cc0d3914243",
                "shasum": ""
            },
            "require": {
                "php": ">=5.3",
                "squizlabs/php_codesniffer": "^2.3 || ^3.0.2"
            },
            "conflict": {
                "squizlabs/php_codesniffer": "2.6.2"
            },
            "require-dev": {
                "phpunit/phpunit": "~4.5 || ^5.0 || ^6.0 || ^7.0"
            },
            "suggest": {
                "dealerdirect/phpcodesniffer-composer-installer": "^0.5 || This Composer plugin will sort out the PHPCS 'installed_paths' automatically.",
                "roave/security-advisories": "dev-master || Helps prevent installing dependencies with known security issues."
            },
            "type": "phpcodesniffer-standard",
            "notification-url": "https://packagist.org/downloads/",
            "license": [
                "LGPL-3.0-or-later"
            ],
            "authors": [
                {
                    "name": "Wim Godden",
                    "homepage": "https://github.com/wimg",
                    "role": "lead"
                },
                {
                    "name": "Juliette Reinders Folmer",
                    "homepage": "https://github.com/jrfnl",
                    "role": "lead"
                },
                {
                    "name": "Contributors",
                    "homepage": "https://github.com/PHPCompatibility/PHPCompatibility/graphs/contributors"
                }
            ],
            "description": "A set of sniffs for PHP_CodeSniffer that checks for PHP cross-version compatibility.",
            "homepage": "http://techblog.wimgodden.be/tag/codesniffer/",
            "keywords": [
                "compatibility",
                "phpcs",
                "standards"
            ],
            "support": {
                "issues": "https://github.com/PHPCompatibility/PHPCompatibility/issues",
                "source": "https://github.com/PHPCompatibility/PHPCompatibility"
            },
            "time": "2019-12-27T09:44:58+00:00"
        },
        {
            "name": "phpstan/phpdoc-parser",
            "version": "1.2.0",
            "source": {
                "type": "git",
                "url": "https://github.com/phpstan/phpdoc-parser.git",
                "reference": "dbc093d7af60eff5cd575d2ed761b15ed40bd08e"
            },
            "dist": {
                "type": "zip",
                "url": "https://api.github.com/repos/phpstan/phpdoc-parser/zipball/dbc093d7af60eff5cd575d2ed761b15ed40bd08e",
                "reference": "dbc093d7af60eff5cd575d2ed761b15ed40bd08e",
                "shasum": ""
            },
            "require": {
                "php": "^7.1 || ^8.0"
            },
            "require-dev": {
                "php-parallel-lint/php-parallel-lint": "^1.2",
                "phpstan/extension-installer": "^1.0",
                "phpstan/phpstan": "^1.0",
                "phpstan/phpstan-strict-rules": "^1.0",
                "phpunit/phpunit": "^9.5",
                "symfony/process": "^5.2"
            },
            "type": "library",
            "extra": {
                "branch-alias": {
                    "dev-master": "1.0-dev"
                }
            },
            "autoload": {
                "psr-4": {
                    "PHPStan\\PhpDocParser\\": [
                        "src/"
                    ]
                }
            },
            "notification-url": "https://packagist.org/downloads/",
            "license": [
                "MIT"
            ],
            "description": "PHPDoc parser with support for nullable, intersection and generic types",
            "support": {
                "issues": "https://github.com/phpstan/phpdoc-parser/issues",
                "source": "https://github.com/phpstan/phpdoc-parser/tree/1.2.0"
            },
            "time": "2021-09-16T20:46:02+00:00"
        },
        {
            "name": "sirbrillig/phpcs-variable-analysis",
            "version": "v2.11.2",
            "source": {
                "type": "git",
                "url": "https://github.com/sirbrillig/phpcs-variable-analysis.git",
                "reference": "3fad28475bfbdbf8aa5c440f8a8f89824983d85e"
            },
            "dist": {
                "type": "zip",
                "url": "https://api.github.com/repos/sirbrillig/phpcs-variable-analysis/zipball/3fad28475bfbdbf8aa5c440f8a8f89824983d85e",
                "reference": "3fad28475bfbdbf8aa5c440f8a8f89824983d85e",
                "shasum": ""
            },
            "require": {
                "php": ">=5.4.0",
                "squizlabs/php_codesniffer": "^3.5"
            },
            "require-dev": {
                "dealerdirect/phpcodesniffer-composer-installer": "^0.7.0",
                "limedeck/phpunit-detailed-printer": "^3.1 || ^4.0 || ^5.0",
                "phpstan/phpstan": "^0.11.8",
                "phpunit/phpunit": "^5.0 || ^6.5 || ^7.0 || ^8.0",
                "sirbrillig/phpcs-import-detection": "^1.1"
            },
            "type": "phpcodesniffer-standard",
            "autoload": {
                "psr-4": {
                    "VariableAnalysis\\": "VariableAnalysis/"
                }
            },
            "notification-url": "https://packagist.org/downloads/",
            "license": [
                "BSD-2-Clause"
            ],
            "authors": [
                {
                    "name": "Sam Graham",
                    "email": "php-codesniffer-variableanalysis@illusori.co.uk"
                },
                {
                    "name": "Payton Swick",
                    "email": "payton@foolord.com"
                }
            ],
            "description": "A PHPCS sniff to detect problems with variables.",
            "support": {
                "issues": "https://github.com/sirbrillig/phpcs-variable-analysis/issues",
                "source": "https://github.com/sirbrillig/phpcs-variable-analysis",
                "wiki": "https://github.com/sirbrillig/phpcs-variable-analysis/wiki"
            },
            "time": "2021-07-06T23:45:17+00:00"
        },
        {
            "name": "slevomat/coding-standard",
            "version": "7.0.16",
            "source": {
                "type": "git",
                "url": "https://github.com/slevomat/coding-standard.git",
                "reference": "14c324b2f2f0072933036c2f3abaeda16a56dcd3"
            },
            "dist": {
                "type": "zip",
                "url": "https://api.github.com/repos/slevomat/coding-standard/zipball/14c324b2f2f0072933036c2f3abaeda16a56dcd3",
                "reference": "14c324b2f2f0072933036c2f3abaeda16a56dcd3",
                "shasum": ""
            },
            "require": {
                "dealerdirect/phpcodesniffer-composer-installer": "^0.6.2 || ^0.7",
                "php": "^7.1 || ^8.0",
                "phpstan/phpdoc-parser": "^1.0.0",
                "squizlabs/php_codesniffer": "^3.6.1"
            },
            "require-dev": {
                "phing/phing": "2.17.0",
                "php-parallel-lint/php-parallel-lint": "1.3.1",
                "phpstan/phpstan": "0.12.99",
                "phpstan/phpstan-deprecation-rules": "0.12.6",
                "phpstan/phpstan-phpunit": "0.12.22",
                "phpstan/phpstan-strict-rules": "0.12.11",
                "phpunit/phpunit": "7.5.20|8.5.5|9.5.10"
            },
            "type": "phpcodesniffer-standard",
            "extra": {
                "branch-alias": {
                    "dev-master": "7.x-dev"
                }
            },
            "autoload": {
                "psr-4": {
                    "SlevomatCodingStandard\\": "SlevomatCodingStandard"
                }
            },
            "notification-url": "https://packagist.org/downloads/",
            "license": [
                "MIT"
            ],
            "description": "Slevomat Coding Standard for PHP_CodeSniffer complements Consistence Coding Standard by providing sniffs with additional checks.",
            "support": {
                "issues": "https://github.com/slevomat/coding-standard/issues",
                "source": "https://github.com/slevomat/coding-standard/tree/7.0.16"
            },
            "funding": [
                {
                    "url": "https://github.com/kukulich",
                    "type": "github"
                },
                {
                    "url": "https://tidelift.com/funding/github/packagist/slevomat/coding-standard",
                    "type": "tidelift"
                }
            ],
            "time": "2021-10-22T06:56:51+00:00"
        },
        {
            "name": "squizlabs/php_codesniffer",
            "version": "3.6.1",
            "source": {
                "type": "git",
                "url": "https://github.com/squizlabs/PHP_CodeSniffer.git",
                "reference": "f268ca40d54617c6e06757f83f699775c9b3ff2e"
            },
            "dist": {
                "type": "zip",
                "url": "https://api.github.com/repos/squizlabs/PHP_CodeSniffer/zipball/f268ca40d54617c6e06757f83f699775c9b3ff2e",
                "reference": "f268ca40d54617c6e06757f83f699775c9b3ff2e",
                "shasum": ""
            },
            "require": {
                "ext-simplexml": "*",
                "ext-tokenizer": "*",
                "ext-xmlwriter": "*",
                "php": ">=5.4.0"
            },
            "require-dev": {
                "phpunit/phpunit": "^4.0 || ^5.0 || ^6.0 || ^7.0"
            },
            "bin": [
                "bin/phpcs",
                "bin/phpcbf"
            ],
            "type": "library",
            "extra": {
                "branch-alias": {
                    "dev-master": "3.x-dev"
                }
            },
            "notification-url": "https://packagist.org/downloads/",
            "license": [
                "BSD-3-Clause"
            ],
            "authors": [
                {
                    "name": "Greg Sherwood",
                    "role": "lead"
                }
            ],
            "description": "PHP_CodeSniffer tokenizes PHP, JavaScript and CSS files and detects violations of a defined set of coding standards.",
            "homepage": "https://github.com/squizlabs/PHP_CodeSniffer",
            "keywords": [
                "phpcs",
                "standards"
            ],
            "support": {
                "issues": "https://github.com/squizlabs/PHP_CodeSniffer/issues",
                "source": "https://github.com/squizlabs/PHP_CodeSniffer",
                "wiki": "https://github.com/squizlabs/PHP_CodeSniffer/wiki"
            },
            "time": "2021-10-11T04:00:11+00:00"
        },
        {
            "name": "symfony/yaml",
            "version": "v6.0.0",
            "source": {
                "type": "git",
                "url": "https://github.com/symfony/yaml.git",
                "reference": "f3064a2e0b5eabaeaf92db0a5913a77098b3b91e"
            },
            "dist": {
                "type": "zip",
                "url": "https://api.github.com/repos/symfony/yaml/zipball/f3064a2e0b5eabaeaf92db0a5913a77098b3b91e",
                "reference": "f3064a2e0b5eabaeaf92db0a5913a77098b3b91e",
                "shasum": ""
            },
            "require": {
                "php": ">=8.0.2",
                "symfony/polyfill-ctype": "^1.8"
            },
            "conflict": {
                "symfony/console": "<5.4"
            },
            "require-dev": {
                "symfony/console": "^5.4|^6.0"
            },
            "suggest": {
                "symfony/console": "For validating YAML files using the lint command"
            },
            "bin": [
                "Resources/bin/yaml-lint"
            ],
            "type": "library",
            "autoload": {
                "psr-4": {
                    "Symfony\\Component\\Yaml\\": ""
                },
                "exclude-from-classmap": [
                    "/Tests/"
                ]
            },
            "notification-url": "https://packagist.org/downloads/",
            "license": [
                "MIT"
            ],
            "authors": [
                {
                    "name": "Fabien Potencier",
                    "email": "fabien@symfony.com"
                },
                {
                    "name": "Symfony Community",
                    "homepage": "https://symfony.com/contributors"
                }
            ],
            "description": "Loads and dumps YAML files",
            "homepage": "https://symfony.com",
            "support": {
                "source": "https://github.com/symfony/yaml/tree/v6.0.0"
            },
            "funding": [
                {
                    "url": "https://symfony.com/sponsor",
                    "type": "custom"
                },
                {
                    "url": "https://github.com/fabpot",
                    "type": "github"
                },
                {
                    "url": "https://tidelift.com/funding/github/packagist/symfony/symfony",
                    "type": "tidelift"
                }
            ],
            "time": "2021-11-28T15:34:37+00:00"
        }
    ],
    "aliases": [],
    "minimum-stability": "stable",
    "stability-flags": {
        "laravel-zero/phar-updater": 20
    },
    "prefer-stable": false,
    "prefer-lowest": false,
    "platform": [],
    "platform-dev": [],
    "plugin-api-version": "2.1.0"
}
